{
	"name": "demo-api",
	"version": "1.0.0-rc.1",
	"lockfileVersion": 1,
	"requires": true,
	"dependencies": {
		"aguid": {
			"version": "1.0.4",
			"resolved": "https://registry.npmjs.org/aguid/-/aguid-1.0.4.tgz",
			"integrity": "sha1-QavU1juIYG6n1fmCmRbXEKPKU7o=",
			"requires": {
				"node-uuid": "^1.4.7"
			}
		},
		"ajv": {
			"version": "4.11.8",
			"resolved": "https://registry.npmjs.org/ajv/-/ajv-4.11.8.tgz",
			"integrity": "sha1-gv+wKynmYq5TvcIK8VlHcGc5xTY=",
			"requires": {
				"co": "^4.6.0",
				"json-stable-stringify": "^1.0.1"
			}
		},
		"ammo": {
			"version": "2.0.4",
			"resolved": "https://registry.npmjs.org/ammo/-/ammo-2.0.4.tgz",
			"integrity": "sha1-v4CqshFpjqePY+9efxE91dnokX8=",
			"requires": {
				"boom": "5.x.x",
				"hoek": "4.x.x"
			},
			"dependencies": {
				"boom": {
					"version": "5.2.0",
					"resolved": "https://registry.npmjs.org/boom/-/boom-5.2.0.tgz",
					"integrity": "sha512-Z5BTk6ZRe4tXXQlkqftmsAUANpXmuwlsF5Oov8ThoMbQRzdGTA1ngYRW160GexgOgjsFOKJz0LYhoNi+2AMBUw==",
					"requires": {
						"hoek": "4.x.x"
					}
				}
			}
		},
		"asn1": {
			"version": "0.2.4",
			"resolved": "https://registry.npmjs.org/asn1/-/asn1-0.2.4.tgz",
			"integrity": "sha512-jxwzQpLQjSmWXgwaCZE9Nz+glAG01yF1QnWgbhGwHI5A6FRIEY6IVqtHhIepHqI7/kyEyQEagBC5mBEFlIYvdg==",
			"requires": {
				"safer-buffer": "~2.1.0"
			}
		},
		"assert-plus": {
			"version": "0.2.0",
			"resolved": "https://registry.npmjs.org/assert-plus/-/assert-plus-0.2.0.tgz",
			"integrity": "sha1-104bh+ev/A24qttwIfP+SBAasjQ="
		},
		"asynckit": {
			"version": "0.4.0",
			"resolved": "https://registry.npmjs.org/asynckit/-/asynckit-0.4.0.tgz",
			"integrity": "sha1-x57Zf380y48robyXkLzDZkdLS3k="
		},
		"aws-sign2": {
			"version": "0.6.0",
			"resolved": "https://registry.npmjs.org/aws-sign2/-/aws-sign2-0.6.0.tgz",
			"integrity": "sha1-FDQt0428yU0OW4fXY81jYSwOeU8="
		},
		"aws4": {
			"version": "1.8.0",
			"resolved": "https://registry.npmjs.org/aws4/-/aws4-1.8.0.tgz",
			"integrity": "sha512-ReZxvNHIOv88FlT7rxcXIIC0fPt4KZqZbOlivyWtXLt8ESx84zd3kMC6iK5jVeS2qt+g7ftS7ye4fi06X5rtRQ=="
		},
		"bcrypt-pbkdf": {
			"version": "1.0.2",
			"resolved": "https://registry.npmjs.org/bcrypt-pbkdf/-/bcrypt-pbkdf-1.0.2.tgz",
			"integrity": "sha1-pDAdOJtqQ/m2f/PKEaP2Y342Dp4=",
			"requires": {
				"tweetnacl": "^0.14.3"
			}
		},
		"bell": {
			"version": "8.9.0",
			"resolved": "https://registry.npmjs.org/bell/-/bell-8.9.0.tgz",
			"integrity": "sha512-tibCCgKaP9ahjGAJs/YDpAWWZyLmlvJfjMa7ElPA9/mkmCvswedvouI0DVRaa/1zfKqQ9GTy6Y2ZMhCfJbCPfQ==",
			"requires": {
				"boom": "4.2.x",
				"cryptiles": "3.x.x",
				"hoek": "4.x.x",
				"joi": "10.x.x",
				"wreck": "10.x.x"
			},
			"dependencies": {
				"boom": {
					"version": "4.2.0",
					"resolved": "https://registry.npmjs.org/boom/-/boom-4.2.0.tgz",
					"integrity": "sha1-wadBdLEfu6Ij9hYtT9iFGhuCpTY=",
					"requires": {
						"hoek": "4.x.x"
					}
				},
				"joi": {
					"version": "10.6.0",
					"resolved": "https://registry.npmjs.org/joi/-/joi-10.6.0.tgz",
					"integrity": "sha512-hBF3LcqyAid+9X/pwg+eXjD2QBZI5eXnBFJYaAkH4SK3mp9QSRiiQnDYlmlz5pccMvnLcJRS4whhDOTCkmsAdQ==",
					"requires": {
						"hoek": "4.x.x",
						"isemail": "2.x.x",
						"items": "2.x.x",
						"topo": "2.x.x"
					}
				}
			}
		},
		"bluebird": {
			"version": "3.4.7",
			"resolved": "https://registry.npmjs.org/bluebird/-/bluebird-3.4.7.tgz",
			"integrity": "sha1-9y12C+Cbf3bQjtj66Ysomo0F+rM="
		},
		"boom": {
			"version": "3.2.2",
			"resolved": "https://registry.npmjs.org/boom/-/boom-3.2.2.tgz",
			"integrity": "sha1-DwzF0ErcUAO4x9cfQsynJx/vDng=",
			"requires": {
				"hoek": "4.x.x"
			}
		},
		"caseless": {
			"version": "0.12.0",
			"resolved": "https://registry.npmjs.org/caseless/-/caseless-0.12.0.tgz",
			"integrity": "sha1-G2gcIf+EAzyCZUMJBolCDRhxUdw="
		},
		"co": {
			"version": "4.6.0",
			"resolved": "https://registry.npmjs.org/co/-/co-4.6.0.tgz",
			"integrity": "sha1-bqa989hTrlTMuOR7+gvz+QMfsYQ="
		},
		"combined-stream": {
			"version": "1.0.7",
			"resolved": "https://registry.npmjs.org/combined-stream/-/combined-stream-1.0.7.tgz",
			"integrity": "sha512-brWl9y6vOB1xYPZcpZde3N9zDByXTosAeMDo4p1wzo6UMOX4vumB+TP1RZ76sfE6Md68Q0NJSrE/gbezd4Ul+w==",
			"requires": {
				"delayed-stream": "~1.0.0"
			}
		},
		"core-util-is": {
			"version": "1.0.2",
			"resolved": "https://registry.npmjs.org/core-util-is/-/core-util-is-1.0.2.tgz",
			"integrity": "sha1-tf1UIgqivFq1eqtxQMlAdUUDwac="
		},
		"cryptiles": {
			"version": "3.1.4",
			"resolved": "https://registry.npmjs.org/cryptiles/-/cryptiles-3.1.4.tgz",
			"integrity": "sha512-8I1sgZHfVwcSOY6mSGpVU3lw/GSIZvusg8dD2+OGehCJpOhQRLNcH0qb9upQnOH4XhgxxFJSg6E2kx95deb1Tw==",
			"requires": {
				"boom": "5.x.x"
			},
			"dependencies": {
				"boom": {
					"version": "5.2.0",
					"resolved": "https://registry.npmjs.org/boom/-/boom-5.2.0.tgz",
					"integrity": "sha512-Z5BTk6ZRe4tXXQlkqftmsAUANpXmuwlsF5Oov8ThoMbQRzdGTA1ngYRW160GexgOgjsFOKJz0LYhoNi+2AMBUw==",
					"requires": {
						"hoek": "4.x.x"
					}
				}
			}
		},
		"dashdash": {
			"version": "1.14.1",
			"resolved": "https://registry.npmjs.org/dashdash/-/dashdash-1.14.1.tgz",
			"integrity": "sha1-hTz6D3y+L+1d4gMmuN1YEDX24vA=",
			"requires": {
				"assert-plus": "^1.0.0"
			},
			"dependencies": {
				"assert-plus": {
					"version": "1.0.0",
					"resolved": "https://registry.npmjs.org/assert-plus/-/assert-plus-1.0.0.tgz",
					"integrity": "sha1-8S4PPF13sLHN2RRpQuTpbB5N1SU="
				}
			}
		},
		"delayed-stream": {
			"version": "1.0.0",
			"resolved": "https://registry.npmjs.org/delayed-stream/-/delayed-stream-1.0.0.tgz",
			"integrity": "sha1-3zrhmayt+31ECqrgsp4icrJOxhk="
		},
		"duplexify": {
			"version": "3.6.1",
			"resolved": "https://registry.npmjs.org/duplexify/-/duplexify-3.6.1.tgz",
			"integrity": "sha512-vM58DwdnKmty+FSPzT14K9JXb90H+j5emaR4KYbr2KTIz00WHGbWOe5ghQTx233ZCLZtrGDALzKwcjEtSt35mA==",
			"requires": {
				"end-of-stream": "^1.0.0",
				"inherits": "^2.0.1",
				"readable-stream": "^2.0.0",
				"stream-shift": "^1.0.0"
			}
		},
		"ecc-jsbn": {
			"version": "0.1.2",
			"resolved": "https://registry.npmjs.org/ecc-jsbn/-/ecc-jsbn-0.1.2.tgz",
			"integrity": "sha1-OoOpBOVDUyh4dMVkt1SThoSamMk=",
			"requires": {
				"jsbn": "~0.1.0",
				"safer-buffer": "^2.1.0"
			}
		},
		"end-of-stream": {
			"version": "1.4.1",
			"resolved": "https://registry.npmjs.org/end-of-stream/-/end-of-stream-1.4.1.tgz",
			"integrity": "sha512-1MkrZNvWTKCaigbn+W15elq2BB/L22nqrSY5DKlo3X6+vclJm8Bb5djXJBmEX6fS3+zCh/F4VBK5Z2KxJt4s2Q==",
			"requires": {
				"once": "^1.4.0"
			}
		},
		"extend": {
			"version": "3.0.2",
			"resolved": "https://registry.npmjs.org/extend/-/extend-3.0.2.tgz",
			"integrity": "sha512-fjquC59cD7CyW6urNXK0FBufkZcoiGG80wTuPujX590cB5Ttln20E2UB4S/WARVqhXffZl2LNgS+gQdPIIim/g=="
		},
		"extsprintf": {
			"version": "1.3.0",
			"resolved": "https://registry.npmjs.org/extsprintf/-/extsprintf-1.3.0.tgz",
			"integrity": "sha1-lpGEQOMEGnpBT4xS48V06zw+HgU="
		},
		"forever-agent": {
			"version": "0.6.1",
			"resolved": "https://registry.npmjs.org/forever-agent/-/forever-agent-0.6.1.tgz",
			"integrity": "sha1-+8cfDEGt6zf5bFd60e1C2P2sypE="
		},
		"form-data": {
			"version": "2.1.4",
			"resolved": "https://registry.npmjs.org/form-data/-/form-data-2.1.4.tgz",
			"integrity": "sha1-M8GDrPGTJ27KqYFDpp6Uv+4XUNE=",
			"requires": {
				"asynckit": "^0.4.0",
				"combined-stream": "^1.0.5",
				"mime-types": "^2.1.12"
			}
		},
		"fs": {
			"version": "0.0.1-security",
			"resolved": "https://registry.npmjs.org/fs/-/fs-0.0.1-security.tgz",
			"integrity": "sha1-invTcYa23d84E/I4WLV+yq9eQdQ="
		},
		"getpass": {
			"version": "0.1.7",
			"resolved": "https://registry.npmjs.org/getpass/-/getpass-0.1.7.tgz",
			"integrity": "sha1-Xv+OPmhNVprkyysSgmBOi6YhSfo=",
			"requires": {
				"assert-plus": "^1.0.0"
			},
			"dependencies": {
				"assert-plus": {
					"version": "1.0.0",
					"resolved": "https://registry.npmjs.org/assert-plus/-/assert-plus-1.0.0.tgz",
					"integrity": "sha1-8S4PPF13sLHN2RRpQuTpbB5N1SU="
				}
			}
		},
		"good": {
			"version": "7.3.0",
			"resolved": "https://registry.npmjs.org/good/-/good-7.3.0.tgz",
			"integrity": "sha512-bZ4clzBw75zI424QUOrOnzwSM/7BrJ/2xTX75IT3spIZ052OPYEzLqdSt4mj/zZfs2OU52+/428QEmvyKUscUQ==",
			"requires": {
				"hoek": "4.x.x",
				"joi": "10.x.x",
				"oppsy": "1.x.x",
				"pumpify": "1.3.x"
			},
			"dependencies": {
				"joi": {
					"version": "10.6.0",
					"resolved": "https://registry.npmjs.org/joi/-/joi-10.6.0.tgz",
					"integrity": "sha512-hBF3LcqyAid+9X/pwg+eXjD2QBZI5eXnBFJYaAkH4SK3mp9QSRiiQnDYlmlz5pccMvnLcJRS4whhDOTCkmsAdQ==",
					"requires": {
						"hoek": "4.x.x",
						"isemail": "2.x.x",
						"items": "2.x.x",
						"topo": "2.x.x"
					}
				}
			}
		},
		"good-console": {
			"version": "6.4.1",
			"resolved": "https://registry.npmjs.org/good-console/-/good-console-6.4.1.tgz",
			"integrity": "sha1-WSKXSGi8872VlDcrozgY3A0BpGQ=",
			"requires": {
				"hoek": "4.x.x",
				"joi": "8.1.x",
				"json-stringify-safe": "5.0.x",
				"moment": "2.19.x"
			},
			"dependencies": {
				"joi": {
					"version": "8.1.1",
					"resolved": "https://registry.npmjs.org/joi/-/joi-8.1.1.tgz",
					"integrity": "sha1-LYtSpdkJ0hftRySFd+7+ixeY9I8=",
					"requires": {
						"hoek": "4.x.x",
						"isemail": "2.x.x",
						"moment": "2.x.x",
						"topo": "2.x.x"
					}
				}
			}
		},
		"hapi": {
			"version": "15.2.0",
			"resolved": "https://registry.npmjs.org/hapi/-/hapi-15.2.0.tgz",
			"integrity": "sha1-VwTKLAS2OGwDyvnukB8d4IAxbSM=",
			"requires": {
				"accept": "2.x.x",
				"ammo": "2.x.x",
				"boom": "4.x.x",
				"call": "3.x.x",
				"catbox": "7.x.x",
				"catbox-memory": "2.x.x",
				"cryptiles": "3.x.x",
				"heavy": "4.x.x",
				"hoek": "4.x.x",
				"iron": "4.x.x",
				"items": "2.x.x",
				"joi": "9.x.x",
				"mimos": "3.x.x",
				"podium": "^1.2.x",
				"shot": "3.x.x",
				"statehood": "5.x.x",
				"subtext": "^4.3.x",
				"topo": "2.x.x"
			},
			"dependencies": {
				"accept": {
					"version": "2.1.2",
					"resolved": "https://registry.npmjs.org/accept/-/accept-2.1.2.tgz",
					"integrity": "sha1-VRh07Y8saLJwe/8qsl/hNT5GHWs=",
					"requires": {
						"boom": "3.x.x",
						"hoek": "4.x.x"
					}
				},
				"ammo": {
					"version": "2.0.2",
					"resolved": "https://registry.npmjs.org/ammo/-/ammo-2.0.2.tgz",
					"integrity": "sha1-NmxV97xPLyQhjtOk3UuN8TXC5so=",
					"requires": {
						"boom": "3.x.x",
						"hoek": "4.x.x"
					}
				},
				"boom": {
					"version": "4.0.0",
					"resolved": "https://registry.npmjs.org/boom/-/boom-4.0.0.tgz",
					"integrity": "sha1-fllGkmTq3bdP7fvBsWUk1pppRXc=",
					"requires": {
						"hoek": "4.x.x"
					}
				},
				"call": {
					"version": "3.0.3",
					"resolved": "https://registry.npmjs.org/call/-/call-3.0.3.tgz",
					"integrity": "sha1-5HSN27t/Qa5AzuBV+LJwtzO/fI0=",
					"requires": {
						"boom": "3.x.x",
						"hoek": "4.x.x"
					}
				},
				"catbox": {
					"version": "7.1.2",
					"resolved": "https://registry.npmjs.org/catbox/-/catbox-7.1.2.tgz",
					"integrity": "sha1-RnIbHJmWdRP9e36UUXBqBe3+1a0=",
					"requires": {
						"boom": "3.x.x",
						"hoek": "4.x.x",
						"joi": "9.x.x"
					}
				},
				"catbox-memory": {
					"version": "2.0.3",
					"resolved": "https://registry.npmjs.org/catbox-memory/-/catbox-memory-2.0.3.tgz",
					"integrity": "sha1-36qcFj+tND2a3W18H9x7Qps2nDg=",
					"requires": {
						"hoek": "4.x.x"
					}
				},
				"cryptiles": {
					"version": "3.0.2",
					"resolved": "https://registry.npmjs.org/cryptiles/-/cryptiles-3.0.2.tgz",
					"integrity": "sha1-7M30qFuHVPFdC1Mg1Kt41A0PokQ=",
					"requires": {
						"boom": "3.x.x"
					}
				},
				"heavy": {
					"version": "4.0.2",
					"resolved": "https://registry.npmjs.org/heavy/-/heavy-4.0.2.tgz",
					"integrity": "sha1-27Zs2l8BellPxsgwHfaZnqjVM/A=",
					"requires": {
						"boom": "3.x.x",
						"hoek": "4.x.x",
						"joi": "9.x.x"
					}
				},
				"hoek": {
					"version": "4.0.2",
					"resolved": "https://registry.npmjs.org/hoek/-/hoek-4.0.2.tgz",
					"integrity": "sha1-e5afTIoa+KOMosZmxmv6bEL+LN0="
				},
				"iron": {
					"version": "4.0.3",
					"resolved": "https://registry.npmjs.org/iron/-/iron-4.0.3.tgz",
					"integrity": "sha1-DA0yUmYdihxhS+2e07B32A6g/Xg=",
					"requires": {
						"boom": "3.x.x",
						"cryptiles": "3.x.x",
						"hoek": "4.x.x"
					}
				},
				"items": {
					"version": "2.1.1",
					"resolved": "https://registry.npmjs.org/items/-/items-2.1.1.tgz",
					"integrity": "sha1-i9FtnIOxlSneWuoyGsqtp4NkoZg="
				},
				"joi": {
					"version": "9.0.4",
					"resolved": "https://registry.npmjs.org/joi/-/joi-9.0.4.tgz",
					"integrity": "sha1-iNZIkJFavrEnzXVwJxFtUN8+aN8=",
					"requires": {
						"hoek": "4.x.x",
						"isemail": "2.x.x",
						"items": "2.x.x",
						"moment": "2.x.x",
						"topo": "2.x.x"
					},
					"dependencies": {
						"isemail": {
							"version": "2.2.1",
							"resolved": "https://registry.npmjs.org/isemail/-/isemail-2.2.1.tgz",
							"integrity": "sha1-A1PT2aYpUQgMJiwqoKQrjqjp4qY="
						},
						"moment": {
							"version": "2.14.1",
							"resolved": "https://registry.npmjs.org/moment/-/moment-2.14.1.tgz",
							"integrity": "sha1-s1snxH5X7S3ccAU9awe+zbKRdBw="
						}
					}
				},
				"mimos": {
					"version": "3.0.3",
					"resolved": "https://registry.npmjs.org/mimos/-/mimos-3.0.3.tgz",
					"integrity": "sha1-uRCQcq03jCty9qAQHEPd+ys2ZB8=",
					"requires": {
						"hoek": "4.x.x",
						"mime-db": "1.x.x"
					},
					"dependencies": {
						"mime-db": {
							"version": "1.23.0",
							"resolved": "https://registry.npmjs.org/mime-db/-/mime-db-1.23.0.tgz",
							"integrity": "sha1-oxtAcK2uon1zLqMzdApk0OyaZlk="
						}
					}
				},
				"podium": {
					"version": "1.2.3",
					"resolved": "https://registry.npmjs.org/podium/-/podium-1.2.3.tgz",
					"integrity": "sha1-XJW3zC9ch90yTgrUqTY6xi1ms3E=",
					"requires": {
						"hoek": "4.x.x",
						"items": "2.x.x",
						"joi": "9.x.x"
					}
				},
				"shot": {
					"version": "3.3.2",
					"resolved": "https://registry.npmjs.org/shot/-/shot-3.3.2.tgz",
					"integrity": "sha1-aRwmEXWd7MIEh7INJcwpnznl+bc=",
					"requires": {
						"hoek": "4.x.x",
						"joi": "9.x.x"
					}
				},
				"statehood": {
					"version": "5.0.0",
					"resolved": "https://registry.npmjs.org/statehood/-/statehood-5.0.0.tgz",
					"integrity": "sha1-ziKFqr6uOYrofLunRhhLdZm4+jE=",
					"requires": {
						"boom": "3.x.x",
						"cryptiles": "3.x.x",
						"hoek": "4.x.x",
						"iron": "4.x.x",
						"items": "2.x.x",
						"joi": "9.x.x"
					}
				},
				"subtext": {
					"version": "4.3.0",
					"resolved": "https://registry.npmjs.org/subtext/-/subtext-4.3.0.tgz",
					"integrity": "sha1-36yQSS7DVmn9bgDG5dk4sG18z7s=",
					"requires": {
						"boom": "4.x.x",
						"content": "3.x.x",
						"hoek": "4.x.x",
						"pez": "2.x.x",
						"wreck": "10.x.x"
					},
					"dependencies": {
						"content": {
							"version": "3.0.2",
							"resolved": "https://registry.npmjs.org/content/-/content-3.0.2.tgz",
							"integrity": "sha1-8di0w6uyHqTA4hc/Q6wCKaTtbRw=",
							"requires": {
								"boom": "3.x.x"
							}
						},
						"pez": {
							"version": "2.1.2",
							"resolved": "https://registry.npmjs.org/pez/-/pez-2.1.2.tgz",
							"integrity": "sha1-0dEjcXkqVYluI+IeUJxAle0IHbI=",
							"requires": {
								"b64": "3.x.x",
								"boom": "3.x.x",
								"content": "3.x.x",
								"hoek": "4.x.x",
								"nigel": "2.x.x"
							},
							"dependencies": {
								"b64": {
									"version": "3.0.2",
									"resolved": "https://registry.npmjs.org/b64/-/b64-3.0.2.tgz",
									"integrity": "sha1-ep1gRmrfe43hFMvfZRpf38yQiU0="
								},
								"nigel": {
									"version": "2.0.2",
									"resolved": "https://registry.npmjs.org/nigel/-/nigel-2.0.2.tgz",
									"integrity": "sha1-k6GGb7DFLYc5CqdeKxYfS1x15bE=",
									"requires": {
										"hoek": "4.x.x",
										"vise": "2.x.x"
									},
									"dependencies": {
										"vise": {
											"version": "2.0.2",
											"resolved": "https://registry.npmjs.org/vise/-/vise-2.0.2.tgz",
											"integrity": "sha1-awjo+0y3bjpQzW3Q7DczjoEaDTk=",
											"requires": {
												"hoek": "4.x.x"
											}
										}
									}
								}
							}
						},
						"wreck": {
							"version": "10.0.0",
							"resolved": "https://registry.npmjs.org/wreck/-/wreck-10.0.0.tgz",
							"integrity": "sha1-mKuIL4XhalJjMlB/EB9aeEEWIng=",
							"requires": {
								"boom": "4.x.x",
								"hoek": "4.x.x"
							}
						}
					}
				},
				"topo": {
					"version": "2.0.2",
					"resolved": "https://registry.npmjs.org/topo/-/topo-2.0.2.tgz",
					"integrity": "sha1-zVYVdSU5BXwNwEkaYhw7xvvh0YI=",
					"requires": {
						"hoek": "4.x.x"
					}
				}
			}
		},
		"hapi-cors-headers": {
			"version": "1.0.3",
			"resolved": "https://registry.npmjs.org/hapi-cors-headers/-/hapi-cors-headers-1.0.3.tgz",
			"integrity": "sha512-U/y+kpVLUJ0y86fEk8yleou9C1T5wFopcWQjuxKdMXzCcymTjfSqGz59waqvngUs1SbeXav/y8Ga9C0G0L1MGg=="
		},
		"har-schema": {
			"version": "1.0.5",
			"resolved": "https://registry.npmjs.org/har-schema/-/har-schema-1.0.5.tgz",
			"integrity": "sha1-0mMTX0MwfALGAq/I/pWXDAFRNp4="
		},
		"har-validator": {
			"version": "4.2.1",
			"resolved": "https://registry.npmjs.org/har-validator/-/har-validator-4.2.1.tgz",
			"integrity": "sha1-M0gdDxu/9gDdID11gSpqX7oALio=",
			"requires": {
				"ajv": "^4.9.1",
				"har-schema": "^1.0.5"
			}
		},
		"hawk": {
			"version": "3.1.3",
			"resolved": "https://registry.npmjs.org/hawk/-/hawk-3.1.3.tgz",
			"integrity": "sha1-B4REvXwWQLD+VA0sm3PVlnjo4cQ=",
			"requires": {
				"boom": "2.x.x",
				"cryptiles": "2.x.x",
				"hoek": "2.x.x",
				"sntp": "1.x.x"
			},
			"dependencies": {
				"boom": {
					"version": "2.10.1",
					"resolved": "https://registry.npmjs.org/boom/-/boom-2.10.1.tgz",
					"integrity": "sha1-OciRjO/1eZ+D+UkqhI9iWt0Mdm8=",
					"requires": {
						"hoek": "2.x.x"
					}
				},
				"cryptiles": {
					"version": "2.0.5",
					"resolved": "https://registry.npmjs.org/cryptiles/-/cryptiles-2.0.5.tgz",
					"integrity": "sha1-O9/s3GCBR8HGcgL6KR59ylnqo7g=",
					"requires": {
						"boom": "2.x.x"
					}
				},
				"hoek": {
					"version": "2.16.3",
					"resolved": "https://registry.npmjs.org/hoek/-/hoek-2.16.3.tgz",
					"integrity": "sha1-ILt0A9POo5jpHcRxCo/xuCdKJe0="
				}
			}
		},
		"hoek": {
			"version": "4.2.1",
			"resolved": "https://registry.npmjs.org/hoek/-/hoek-4.2.1.tgz",
			"integrity": "sha512-QLg82fGkfnJ/4iy1xZ81/9SIJiq1NGFUMGs6ParyjBZr6jW2Ufj/snDqTHixNlHdPNwN2RLVD0Pi3igeK9+JfA=="
		},
		"http-signature": {
			"version": "1.1.1",
			"resolved": "https://registry.npmjs.org/http-signature/-/http-signature-1.1.1.tgz",
			"integrity": "sha1-33LiZwZs0Kxn+3at+OE0qPvPkb8=",
			"requires": {
				"assert-plus": "^0.2.0",
				"jsprim": "^1.2.2",
				"sshpk": "^1.7.0"
			}
		},
		"inert": {
			"version": "4.2.1",
			"resolved": "https://registry.npmjs.org/inert/-/inert-4.2.1.tgz",
			"integrity": "sha512-qmbbZYPSzU/eOUOStPQvSjrU9IR1Q3uDtsEsVwnBQeZG43xu7Nrj6yuUrX3ice/03rv5dj/KiKB+NGCbiqH+aQ==",
			"requires": {
				"ammo": "2.x.x",
				"boom": "5.x.x",
				"hoek": "4.x.x",
				"items": "2.x.x",
				"joi": "10.x.x",
				"lru-cache": "4.1.x"
			},
			"dependencies": {
				"boom": {
					"version": "5.2.0",
					"resolved": "https://registry.npmjs.org/boom/-/boom-5.2.0.tgz",
					"integrity": "sha512-Z5BTk6ZRe4tXXQlkqftmsAUANpXmuwlsF5Oov8ThoMbQRzdGTA1ngYRW160GexgOgjsFOKJz0LYhoNi+2AMBUw==",
					"requires": {
						"hoek": "4.x.x"
					}
				},
				"joi": {
					"version": "10.6.0",
					"resolved": "https://registry.npmjs.org/joi/-/joi-10.6.0.tgz",
					"integrity": "sha512-hBF3LcqyAid+9X/pwg+eXjD2QBZI5eXnBFJYaAkH4SK3mp9QSRiiQnDYlmlz5pccMvnLcJRS4whhDOTCkmsAdQ==",
					"requires": {
						"hoek": "4.x.x",
						"isemail": "2.x.x",
						"items": "2.x.x",
						"topo": "2.x.x"
					}
				}
			}
		},
		"inherits": {
			"version": "2.0.3",
			"resolved": "https://registry.npmjs.org/inherits/-/inherits-2.0.3.tgz",
			"integrity": "sha1-Yzwsg+PaQqUC9SRmAiSA9CCCYd4="
		},
		"is-typedarray": {
			"version": "1.0.0",
			"resolved": "https://registry.npmjs.org/is-typedarray/-/is-typedarray-1.0.0.tgz",
			"integrity": "sha1-5HnICFjfDBsR3dppQPlgEfzaSpo="
		},
		"isarray": {
			"version": "1.0.0",
			"resolved": "https://registry.npmjs.org/isarray/-/isarray-1.0.0.tgz",
			"integrity": "sha1-u5NdSFgsuhaMBoNJV6VKPgcSTxE="
		},
		"isemail": {
			"version": "2.2.1",
			"resolved": "https://registry.npmjs.org/isemail/-/isemail-2.2.1.tgz",
			"integrity": "sha1-A1PT2aYpUQgMJiwqoKQrjqjp4qY="
		},
		"isstream": {
			"version": "0.1.2",
			"resolved": "https://registry.npmjs.org/isstream/-/isstream-0.1.2.tgz",
			"integrity": "sha1-R+Y/evVa+m+S4VAOaQ64uFKcCZo="
		},
		"items": {
			"version": "2.1.2",
			"resolved": "https://registry.npmjs.org/items/-/items-2.1.2.tgz",
			"integrity": "sha512-kezcEqgB97BGeZZYtX/MA8AG410ptURstvnz5RAgyFZ8wQFPMxHY8GpTq+/ZHKT3frSlIthUq7EvLt9xn3TvXg=="
		},
		"joi": {
			"version": "9.2.0",
			"resolved": "https://registry.npmjs.org/joi/-/joi-9.2.0.tgz",
			"integrity": "sha1-M4WseQGSEwy+Iw6ALsAskhW7/to=",
			"requires": {
				"hoek": "4.x.x",
				"isemail": "2.x.x",
				"items": "2.x.x",
				"moment": "2.x.x",
				"topo": "2.x.x"
			}
		},
		"jsbn": {
			"version": "0.1.1",
			"resolved": "https://registry.npmjs.org/jsbn/-/jsbn-0.1.1.tgz",
			"integrity": "sha1-peZUwuWi3rXyAdls77yoDA7y9RM="
		},
		"json-schema": {
			"version": "0.2.3",
			"resolved": "https://registry.npmjs.org/json-schema/-/json-schema-0.2.3.tgz",
			"integrity": "sha1-tIDIkuWaLwWVTOcnvT8qTogvnhM="
		},
		"json-stable-stringify": {
			"version": "1.0.1",
			"resolved": "https://registry.npmjs.org/json-stable-stringify/-/json-stable-stringify-1.0.1.tgz",
			"integrity": "sha1-mnWdOcXy/1A/1TAGRu1EX4jE+a8=",
			"requires": {
				"jsonify": "~0.0.0"
			}
		},
		"json-stringify-safe": {
			"version": "5.0.1",
			"resolved": "https://registry.npmjs.org/json-stringify-safe/-/json-stringify-safe-5.0.1.tgz",
			"integrity": "sha1-Epai1Y/UXxmg9s4B1lcB4sc1tus="
		},
		"jsonify": {
			"version": "0.0.0",
			"resolved": "https://registry.npmjs.org/jsonify/-/jsonify-0.0.0.tgz",
			"integrity": "sha1-LHS27kHZPKUbe1qu6PUDYx0lKnM="
		},
		"jsprim": {
			"version": "1.4.1",
			"resolved": "https://registry.npmjs.org/jsprim/-/jsprim-1.4.1.tgz",
			"integrity": "sha1-MT5mvB5cwG5Di8G3SZwuXFastqI=",
			"requires": {
				"assert-plus": "1.0.0",
				"extsprintf": "1.3.0",
				"json-schema": "0.2.3",
				"verror": "1.10.0"
			},
			"dependencies": {
				"assert-plus": {
					"version": "1.0.0",
					"resolved": "https://registry.npmjs.org/assert-plus/-/assert-plus-1.0.0.tgz",
					"integrity": "sha1-8S4PPF13sLHN2RRpQuTpbB5N1SU="
				}
			}
		},
		"lodash": {
			"version": "4.17.11",
			"resolved": "https://registry.npmjs.org/lodash/-/lodash-4.17.11.tgz",
			"integrity": "sha512-cQKh8igo5QUhZ7lg38DYWAxMvjSAKG0A8wGSVimP07SIUEK2UO+arSRKbRZWtelMtN5V0Hkwh5ryOto/SshYIg=="
		},
		"lru-cache": {
			"version": "4.1.5",
			"resolved": "https://registry.npmjs.org/lru-cache/-/lru-cache-4.1.5.tgz",
			"integrity": "sha512-sWZlbEP2OsHNkXrMl5GYk/jKk70MBng6UU4YI/qGDYbgf6YbP4EvmqISbXCoJiRKs+1bSpFHVgQxvJ17F2li5g==",
			"requires": {
				"pseudomap": "^1.0.2",
				"yallist": "^2.1.2"
			}
		},
		"mime-db": {
			"version": "1.37.0",
			"resolved": "https://registry.npmjs.org/mime-db/-/mime-db-1.37.0.tgz",
			"integrity": "sha512-R3C4db6bgQhlIhPU48fUtdVmKnflq+hRdad7IyKhtFj06VPNVdk2RhiYL3UjQIlso8L+YxAtFkobT0VK+S/ybg=="
		},
		"mime-types": {
			"version": "2.1.21",
			"resolved": "https://registry.npmjs.org/mime-types/-/mime-types-2.1.21.tgz",
			"integrity": "sha512-3iL6DbwpyLzjR3xHSFNFeb9Nz/M8WDkX33t1GFQnFOllWk8pOrh/LSrB5OXlnlW5P9LH73X6loW/eogc+F5lJg==",
			"requires": {
				"mime-db": "~1.37.0"
			}
		},
		"minimist": {
			"version": "0.0.8",
			"resolved": "https://registry.npmjs.org/minimist/-/minimist-0.0.8.tgz",
			"integrity": "sha1-hX/Kv8M5fSYluCKCYuhqp6ARsF0="
		},
		"mkdirp": {
			"version": "0.5.1",
			"resolved": "https://registry.npmjs.org/mkdirp/-/mkdirp-0.5.1.tgz",
			"integrity": "sha1-MAV0OOrGz3+MR2fzhkjWaX11yQM=",
			"requires": {
				"minimist": "0.0.8"
			}
		},
		"moment": {
			"version": "2.19.4",
			"resolved": "https://registry.npmjs.org/moment/-/moment-2.19.4.tgz",
			"integrity": "sha512-1xFTAknSLfc47DIxHDUbnJWC+UwgWxATmymaxIPQpmMh7LBm7ZbwVEsuushqwL2GYZU0jie4xO+TK44hJPjNSQ=="
		},
		"node-uuid": {
			"version": "1.4.8",
			"resolved": "https://registry.npmjs.org/node-uuid/-/node-uuid-1.4.8.tgz",
			"integrity": "sha1-sEDrCSOWivq/jTL7HxfxFn/auQc="
		},
		"oauth-sign": {
			"version": "0.8.2",
			"resolved": "https://registry.npmjs.org/oauth-sign/-/oauth-sign-0.8.2.tgz",
			"integrity": "sha1-Rqarfwrq2N6unsBWV4C31O/rnUM="
		},
		"once": {
			"version": "1.4.0",
			"resolved": "https://registry.npmjs.org/once/-/once-1.4.0.tgz",
			"integrity": "sha1-WDsap3WWHUsROsF9nFC6753Xa9E=",
			"requires": {
				"wrappy": "1"
			}
		},
		"oppsy": {
			"version": "1.0.2",
			"resolved": "https://registry.npmjs.org/oppsy/-/oppsy-1.0.2.tgz",
			"integrity": "sha1-mAFM1pZ2U6g8//pVQibckAULqtQ=",
			"requires": {
				"hoek": "4.x.x",
				"items": "2.x.x"
			}
		},
		"path": {
			"version": "0.12.7",
			"resolved": "https://registry.npmjs.org/path/-/path-0.12.7.tgz",
			"integrity": "sha1-1NwqUGxM4hl+tIHr/NWzbAFAsQ8=",
			"requires": {
				"process": "^0.11.1",
				"util": "^0.10.3"
			}
		},
		"performance-now": {
			"version": "0.2.0",
			"resolved": "https://registry.npmjs.org/performance-now/-/performance-now-0.2.0.tgz",
			"integrity": "sha1-M+8wxcd9TqIcWlOGnZG1bY8lVeU="
		},
		"process": {
			"version": "0.11.10",
			"resolved": "https://registry.npmjs.org/process/-/process-0.11.10.tgz",
			"integrity": "sha1-czIwDoQBYb2j5podHZGn1LwW8YI="
		},
		"process-nextick-args": {
			"version": "2.0.0",
			"resolved": "https://registry.npmjs.org/process-nextick-args/-/process-nextick-args-2.0.0.tgz",
			"integrity": "sha512-MtEC1TqN0EU5nephaJ4rAtThHtC86dNN9qCuEhtshvpVBkAW5ZO7BASN9REnF9eoXGcRub+pFuKEpOHE+HbEMw=="
		},
		"pseudomap": {
			"version": "1.0.2",
			"resolved": "https://registry.npmjs.org/pseudomap/-/pseudomap-1.0.2.tgz",
			"integrity": "sha1-8FKijacOYYkX7wqKw0wa5aaChrM="
		},
		"pump": {
			"version": "2.0.1",
			"resolved": "https://registry.npmjs.org/pump/-/pump-2.0.1.tgz",
			"integrity": "sha512-ruPMNRkN3MHP1cWJc9OWr+T/xDP0jhXYCLfJcBuX54hhfIBnaQmAUMfDcG4DM5UMWByBbJY69QSphm3jtDKIkA==",
			"requires": {
				"end-of-stream": "^1.1.0",
				"once": "^1.3.1"
			}
		},
		"pumpify": {
			"version": "1.3.6",
			"resolved": "https://registry.npmjs.org/pumpify/-/pumpify-1.3.6.tgz",
			"integrity": "sha512-BurGAcvezsINL5US9T9wGHHcLNrG6MCp//ECtxron3vcR+Rfx5Anqq7HbZXNJvFQli8FGVsWCAvywEJFV5Hx/Q==",
			"requires": {
				"duplexify": "^3.5.3",
				"inherits": "^2.0.3",
				"pump": "^2.0.0"
			}
		},
		"punycode": {
			"version": "1.4.1",
			"resolved": "https://registry.npmjs.org/punycode/-/punycode-1.4.1.tgz",
			"integrity": "sha1-wNWmOycYgArY4esPpSachN1BhF4="
		},
		"qs": {
			"version": "6.4.0",
			"resolved": "https://registry.npmjs.org/qs/-/qs-6.4.0.tgz",
			"integrity": "sha1-E+JtKK1rD/qpExLNO/cI7TUecjM="
		},
		"querystring": {
			"version": "0.2.0",
			"resolved": "https://registry.npmjs.org/querystring/-/querystring-0.2.0.tgz",
			"integrity": "sha1-sgmEkgO7Jd+CDadW50cAWHhSFiA="
		},
		"readable-stream": {
			"version": "2.3.6",
			"resolved": "https://registry.npmjs.org/readable-stream/-/readable-stream-2.3.6.tgz",
			"integrity": "sha512-tQtKA9WIAhBF3+VLAseyMqZeBjW0AHJoxOtYqSUZNJxauErmLbVm2FW1y+J/YA9dUrAC39ITejlZWhVIwawkKw==",
			"requires": {
				"core-util-is": "~1.0.0",
				"inherits": "~2.0.3",
				"isarray": "~1.0.0",
				"process-nextick-args": "~2.0.0",
				"safe-buffer": "~5.1.1",
				"string_decoder": "~1.1.1",
				"util-deprecate": "~1.0.1"
			}
		},
		"request": {
			"version": "2.81.0",
			"resolved": "https://registry.npmjs.org/request/-/request-2.81.0.tgz",
			"integrity": "sha1-xpKJRqDgbF+Nb4qTM0af/aRimKA=",
			"requires": {
				"aws-sign2": "~0.6.0",
				"aws4": "^1.2.1",
				"caseless": "~0.12.0",
				"combined-stream": "~1.0.5",
				"extend": "~3.0.0",
				"forever-agent": "~0.6.1",
				"form-data": "~2.1.1",
				"har-validator": "~4.2.1",
				"hawk": "~3.1.3",
				"http-signature": "~1.1.0",
				"is-typedarray": "~1.0.0",
				"isstream": "~0.1.2",
				"json-stringify-safe": "~5.0.1",
				"mime-types": "~2.1.7",
				"oauth-sign": "~0.8.1",
				"performance-now": "^0.2.0",
				"qs": "~6.4.0",
				"safe-buffer": "^5.0.1",
				"stringstream": "~0.0.4",
				"tough-cookie": "~2.3.0",
				"tunnel-agent": "^0.6.0",
				"uuid": "^3.0.0"
			},
			"dependencies": {
				"uuid": {
					"version": "3.3.2",
					"resolved": "https://registry.npmjs.org/uuid/-/uuid-3.3.2.tgz",
					"integrity": "sha512-yXJmeNaw3DnnKAOKJE51sL/ZaYfWJRl1pK9dr19YFCu0ObS231AB1/LbqTKRAQ5kw8A90rA6fr4riOUpTZvQZA=="
				}
			}
		},
		"request-promise": {
			"version": "4.2.1",
			"resolved": "https://registry.npmjs.org/request-promise/-/request-promise-4.2.1.tgz",
			"integrity": "sha1-fuxWyJMXqCLL/qmbA5zlQ8LhX2c=",
			"requires": {
				"bluebird": "^3.5.0",
				"request-promise-core": "1.1.1",
				"stealthy-require": "^1.1.0",
				"tough-cookie": ">=2.3.0"
			},
			"dependencies": {
				"bluebird": {
					"version": "3.5.3",
					"resolved": "https://registry.npmjs.org/bluebird/-/bluebird-3.5.3.tgz",
					"integrity": "sha512-/qKPUQlaW1OyR51WeCPBvRnAlnZFUJkCSG5HzGnuIqhgyJtF+T94lFnn33eiazjRm2LAHVy2guNnaq48X9SJuw=="
				}
			}
		},
		"request-promise-core": {
			"version": "1.1.1",
			"resolved": "https://registry.npmjs.org/request-promise-core/-/request-promise-core-1.1.1.tgz",
			"integrity": "sha1-Pu4AssWqgyOc+wTFcA2jb4HNCLY=",
			"requires": {
				"lodash": "^4.13.1"
			}
		},
		"safe-buffer": {
			"version": "5.1.2",
			"resolved": "https://registry.npmjs.org/safe-buffer/-/safe-buffer-5.1.2.tgz",
			"integrity": "sha512-Gd2UZBJDkXlY7GbJxfsE8/nvKkUEU1G38c1siN6QP6a9PT9MmHB8GnpscSmMJSoF8LOIrt8ud/wPtojys4G6+g=="
		},
		"safer-buffer": {
			"version": "2.1.2",
			"resolved": "https://registry.npmjs.org/safer-buffer/-/safer-buffer-2.1.2.tgz",
			"integrity": "sha512-YZo3K82SD7Riyi0E1EQPojLz7kpepnSQI9IyPbHHg1XXXevb5dJI7tpyN2ADxGcQbHG7vcyRHk0cbwqcQriUtg=="
		},
		"sntp": {
			"version": "1.0.9",
			"resolved": "https://registry.npmjs.org/sntp/-/sntp-1.0.9.tgz",
			"integrity": "sha1-ZUEYTMkK7qbG57NeJlkIJEPGYZg=",
			"requires": {
				"hoek": "2.x.x"
			},
			"dependencies": {
				"hoek": {
					"version": "2.16.3",
					"resolved": "https://registry.npmjs.org/hoek/-/hoek-2.16.3.tgz",
					"integrity": "sha1-ILt0A9POo5jpHcRxCo/xuCdKJe0="
				}
			}
		},
		"sshpk": {
			"version": "1.16.0",
			"resolved": "https://registry.npmjs.org/sshpk/-/sshpk-1.16.0.tgz",
			"integrity": "sha512-Zhev35/y7hRMcID/upReIvRse+I9SVhyVre/KTJSJQWMz3C3+G+HpO7m1wK/yckEtujKZ7dS4hkVxAnmHaIGVQ==",
			"requires": {
				"asn1": "~0.2.3",
				"assert-plus": "^1.0.0",
				"bcrypt-pbkdf": "^1.0.0",
				"dashdash": "^1.12.0",
				"ecc-jsbn": "~0.1.1",
				"getpass": "^0.1.1",
				"jsbn": "~0.1.0",
				"safer-buffer": "^2.0.2",
				"tweetnacl": "~0.14.0"
			},
			"dependencies": {
				"assert-plus": {
					"version": "1.0.0",
					"resolved": "https://registry.npmjs.org/assert-plus/-/assert-plus-1.0.0.tgz",
					"integrity": "sha1-8S4PPF13sLHN2RRpQuTpbB5N1SU="
				}
			}
		},
		"stealthy-require": {
			"version": "1.1.1",
			"resolved": "https://registry.npmjs.org/stealthy-require/-/stealthy-require-1.1.1.tgz",
			"integrity": "sha1-NbCYdbT/SfJqd35QmzCQoyJr8ks="
		},
		"stream-shift": {
			"version": "1.0.0",
			"resolved": "https://registry.npmjs.org/stream-shift/-/stream-shift-1.0.0.tgz",
			"integrity": "sha1-1cdSgl5TZ+eG944Y5EXqIjoVWVI="
		},
		"string_decoder": {
			"version": "1.1.1",
			"resolved": "https://registry.npmjs.org/string_decoder/-/string_decoder-1.1.1.tgz",
			"integrity": "sha512-n/ShnvDi6FHbbVfviro+WojiFzv+s8MPMHBczVePfUpDJLwoLT0ht1l4YwBCbi8pJAveEEdnkHyPyTP/mzRfwg==",
			"requires": {
				"safe-buffer": "~5.1.0"
			}
		},
		"stringstream": {
			"version": "0.0.6",
			"resolved": "https://registry.npmjs.org/stringstream/-/stringstream-0.0.6.tgz",
			"integrity": "sha512-87GEBAkegbBcweToUrdzf3eLhWNg06FJTebl4BVJz/JgWy8CvEr9dRtX5qWphiynMSQlxxi+QqN0z5T32SLlhA=="
		},
		"topo": {
			"version": "2.0.2",
			"resolved": "https://registry.npmjs.org/topo/-/topo-2.0.2.tgz",
			"integrity": "sha1-zVYVdSU5BXwNwEkaYhw7xvvh0YI=",
			"requires": {
				"hoek": "4.x.x"
			}
		},
		"tough-cookie": {
			"version": "2.3.4",
			"resolved": "https://registry.npmjs.org/tough-cookie/-/tough-cookie-2.3.4.tgz",
			"integrity": "sha512-TZ6TTfI5NtZnuyy/Kecv+CnoROnyXn2DN97LontgQpCwsX2XyLYCC0ENhYkehSOwAp8rTQKc/NUIF7BkQ5rKLA==",
			"requires": {
				"punycode": "^1.4.1"
			}
		},
		"tunnel-agent": {
			"version": "0.6.0",
			"resolved": "https://registry.npmjs.org/tunnel-agent/-/tunnel-agent-0.6.0.tgz",
			"integrity": "sha1-J6XeoGs2sEoKmWZ3SykIaPD8QP0=",
			"requires": {
				"safe-buffer": "^5.0.1"
			}
		},
		"tweetnacl": {
			"version": "0.14.5",
			"resolved": "https://registry.npmjs.org/tweetnacl/-/tweetnacl-0.14.5.tgz",
			"integrity": "sha1-WuaBd/GS1EViadEIr6k/+HQ/T2Q="
		},
		"url": {
			"version": "0.11.0",
			"resolved": "https://registry.npmjs.org/url/-/url-0.11.0.tgz",
			"integrity": "sha1-ODjpfPxgUh63PFJajlW/3Z4uKPE=",
			"requires": {
				"punycode": "1.3.2",
				"querystring": "0.2.0"
			},
			"dependencies": {
				"punycode": {
					"version": "1.3.2",
					"resolved": "https://registry.npmjs.org/punycode/-/punycode-1.3.2.tgz",
					"integrity": "sha1-llOgNvt8HuQjQvIyXM7v6jkmxI0="
				}
			}
		},
		"util": {
			"version": "0.10.4",
			"resolved": "https://registry.npmjs.org/util/-/util-0.10.4.tgz",
			"integrity": "sha512-0Pm9hTQ3se5ll1XihRic3FDIku70C+iHUdT/W926rSgHV5QgXsYbKZN8MSC3tJtSkhuROzvsQjAaFENRXr+19A==",
			"requires": {
				"inherits": "2.0.3"
			}
		},
		"util-deprecate": {
			"version": "1.0.2",
			"resolved": "https://registry.npmjs.org/util-deprecate/-/util-deprecate-1.0.2.tgz",
			"integrity": "sha1-RQ1Nyfpw3nMnYvvS1KKJgUGaDM8="
		},
		"verror": {
			"version": "1.10.0",
			"resolved": "https://registry.npmjs.org/verror/-/verror-1.10.0.tgz",
			"integrity": "sha1-OhBcoXBTr1XW4nDB+CiGguGNpAA=",
			"requires": {
				"assert-plus": "^1.0.0",
				"core-util-is": "1.0.2",
				"extsprintf": "^1.2.0"
			},
			"dependencies": {
				"assert-plus": {
					"version": "1.0.0",
					"resolved": "https://registry.npmjs.org/assert-plus/-/assert-plus-1.0.0.tgz",
					"integrity": "sha1-8S4PPF13sLHN2RRpQuTpbB5N1SU="
				}
			}
		},
		"wrappy": {
			"version": "1.0.2",
			"resolved": "https://registry.npmjs.org/wrappy/-/wrappy-1.0.2.tgz",
			"integrity": "sha1-tSQ9jz7BqjXxNkYFvA0QNuMKtp8="
		},
		"wreck": {
			"version": "10.0.0",
			"resolved": "https://registry.npmjs.org/wreck/-/wreck-10.0.0.tgz",
			"integrity": "sha1-mKuIL4XhalJjMlB/EB9aeEEWIng=",
			"requires": {
				"boom": "4.x.x",
				"hoek": "4.x.x"
			},
			"dependencies": {
				"boom": {
					"version": "4.3.1",
					"resolved": "https://registry.npmjs.org/boom/-/boom-4.3.1.tgz",
					"integrity": "sha1-T4owBctKfjiJ90kDD9JbluAdLjE=",
					"requires": {
						"hoek": "4.x.x"
					}
				}
			}
		},
		"yallist": {
			"version": "2.1.2",
			"resolved": "https://registry.npmjs.org/yallist/-/yallist-2.1.2.tgz",
			"integrity": "sha1-HBH5IY8HYImkfdUS+TxmmaaoHVI="
		}
	}
}
